
Microsoft Visual Studio Solution File, Format Version 12.00
# Visual Studio Version 17
VisualStudioVersion = 17.0.31903.59
MinimumVisualStudioVersion = 10.0.40219.1
Project("{2150E333-8FDC-42A3-9474-1A3956D46DE8}") = "src", "src", "{827E0CD3-B72D-47B6-A68D-7590B98EB39B}"
EndProject
Project("{2150E333-8FDC-42A3-9474-1A3956D46DE8}") = "service-defaults", "service-defaults", "{E6779046-5571-E61D-B963-2C104523376B}"
EndProject
Project("{FAE04EC0-301F-11D3-BF4B-00C04F79EFBC}") = "ServiceDefaults", "src\service-defaults\ServiceDefaults.csproj", "{7CAABD56-61D6-406F-87FE-B1C63DD511D7}"
EndProject
Project("{2150E333-8FDC-42A3-9474-1A3956D46DE8}") = "restaurant-agent", "restaurant-agent", "{34C8091B-3E86-2C04-A59F-7E50F2DA4BD3}"
EndProject
Project("{FAE04EC0-301F-11D3-BF4B-00C04F79EFBC}") = "RestaurantAgent", "src\restaurant-agent\RestaurantAgent.csproj", "{9EF7CE87-9399-47FC-83F1-C0AE87A77810}"
EndProject
Project("{2150E333-8FDC-42A3-9474-1A3956D46DE8}") = "orchestrator-agent", "orchestrator-agent", "{80FD6C27-8F50-28C9-9AF7-6910DF35C9FE}"
EndProject
Project("{FAE04EC0-301F-11D3-BF4B-00C04F79EFBC}") = "OrchestratorAgent", "src\orchestrator-agent\OrchestratorAgent.csproj", "{781AD260-00DE-4C54-B913-6EACA36ED998}"
EndProject
Project("{2150E333-8FDC-42A3-9474-1A3956D46DE8}") = "shared-services", "shared-services", "{6B03B287-C748-4A89-2EBC-ED491E6F1504}"
EndProject
Project("{FAE04EC0-301F-11D3-BF4B-00C04F79EFBC}") = "SharedServices", "src\shared-services\SharedServices.csproj", "{E7D47038-8FBC-46CA-84F8-0044F379E135}"
EndProject
Global
	GlobalSection(SolutionConfigurationPlatforms) = preSolution
		Debug|Any CPU = Debug|Any CPU
		Debug|x64 = Debug|x64
		Debug|x86 = Debug|x86
		Release|Any CPU = Release|Any CPU
		Release|x64 = Release|x64
		Release|x86 = Release|x86
	EndGlobalSection
	GlobalSection(ProjectConfigurationPlatforms) = postSolution
		{7CAABD56-61D6-406F-87FE-B1C63DD511D7}.Debug|Any CPU.ActiveCfg = Debug|Any CPU
		{7CAABD56-61D6-406F-87FE-B1C63DD511D7}.Debug|Any CPU.Build.0 = Debug|Any CPU
		{7CAABD56-61D6-406F-87FE-B1C63DD511D7}.Debug|x64.ActiveCfg = Debug|Any CPU
		{7CAABD56-61D6-406F-87FE-B1C63DD511D7}.Debug|x64.Build.0 = Debug|Any CPU
		{7CAABD56-61D6-406F-87FE-B1C63DD511D7}.Debug|x86.ActiveCfg = Debug|Any CPU
		{7CAABD56-61D6-406F-87FE-B1C63DD511D7}.Debug|x86.Build.0 = Debug|Any CPU
		{7CAABD56-61D6-406F-87FE-B1C63DD511D7}.Release|Any CPU.ActiveCfg = Release|Any CPU
		{7CAABD56-61D6-406F-87FE-B1C63DD511D7}.Release|Any CPU.Build.0 = Release|Any CPU
		{7CAABD56-61D6-406F-87FE-B1C63DD511D7}.Release|x64.ActiveCfg = Release|Any CPU
		{7CAABD56-61D6-406F-87FE-B1C63DD511D7}.Release|x64.Build.0 = Release|Any CPU
		{7CAABD56-61D6-406F-87FE-B1C63DD511D7}.Release|x86.ActiveCfg = Release|Any CPU
		{7CAABD56-61D6-406F-87FE-B1C63DD511D7}.Release|x86.Build.0 = Release|Any CPU
		{9EF7CE87-9399-47FC-83F1-C0AE87A77810}.Debug|Any CPU.ActiveCfg = Debug|Any CPU
		{9EF7CE87-9399-47FC-83F1-C0AE87A77810}.Debug|Any CPU.Build.0 = Debug|Any CPU
		{9EF7CE87-9399-47FC-83F1-C0AE87A77810}.Debug|x64.ActiveCfg = Debug|Any CPU
		{9EF7CE87-9399-47FC-83F1-C0AE87A77810}.Debug|x64.Build.0 = Debug|Any CPU
		{9EF7CE87-9399-47FC-83F1-C0AE87A77810}.Debug|x86.ActiveCfg = Debug|Any CPU
		{9EF7CE87-9399-47FC-83F1-C0AE87A77810}.Debug|x86.Build.0 = Debug|Any CPU
		{9EF7CE87-9399-47FC-83F1-C0AE87A77810}.Release|Any CPU.ActiveCfg = Release|Any CPU
		{9EF7CE87-9399-47FC-83F1-C0AE87A77810}.Release|Any CPU.Build.0 = Release|Any CPU
		{9EF7CE87-9399-47FC-83F1-C0AE87A77810}.Release|x64.ActiveCfg = Release|Any CPU
		{9EF7CE87-9399-47FC-83F1-C0AE87A77810}.Release|x64.Build.0 = Release|Any CPU
		{9EF7CE87-9399-47FC-83F1-C0AE87A77810}.Release|x86.ActiveCfg = Release|Any CPU
		{9EF7CE87-9399-47FC-83F1-C0AE87A77810}.Release|x86.Build.0 = Release|Any CPU
		{781AD260-00DE-4C54-B913-6EACA36ED998}.Debug|Any CPU.ActiveCfg = Debug|Any CPU
		{781AD260-00DE-4C54-B913-6EACA36ED998}.Debug|Any CPU.Build.0 = Debug|Any CPU
		{781AD260-00DE-4C54-B913-6EACA36ED998}.Debug|x64.ActiveCfg = Debug|Any CPU
		{781AD260-00DE-4C54-B913-6EACA36ED998}.Debug|x64.Build.0 = Debug|Any CPU
		{781AD260-00DE-4C54-B913-6EACA36ED998}.Debug|x86.ActiveCfg = Debug|Any CPU
		{781AD260-00DE-4C54-B913-6EACA36ED998}.Debug|x86.Build.0 = Debug|Any CPU
		{781AD260-00DE-4C54-B913-6EACA36ED998}.Release|Any CPU.ActiveCfg = Release|Any CPU
		{781AD260-00DE-4C54-B913-6EACA36ED998}.Release|Any CPU.Build.0 = Release|Any CPU
		{781AD260-00DE-4C54-B913-6EACA36ED998}.Release|x64.ActiveCfg = Release|Any CPU
		{781AD260-00DE-4C54-B913-6EACA36ED998}.Release|x64.Build.0 = Release|Any CPU
		{781AD260-00DE-4C54-B913-6EACA36ED998}.Release|x86.ActiveCfg = Release|Any CPU
		{781AD260-00DE-4C54-B913-6EACA36ED998}.Release|x86.Build.0 = Release|Any CPU
		{E7D47038-8FBC-46CA-84F8-0044F379E135}.Debug|Any CPU.ActiveCfg = Debug|Any CPU
		{E7D47038-8FBC-46CA-84F8-0044F379E135}.Debug|Any CPU.Build.0 = Debug|Any CPU
		{E7D47038-8FBC-46CA-84F8-0044F379E135}.Debug|x64.ActiveCfg = Debug|Any CPU
		{E7D47038-8FBC-46CA-84F8-0044F379E135}.Debug|x64.Build.0 = Debug|Any CPU
		{E7D47038-8FBC-46CA-84F8-0044F379E135}.Debug|x86.ActiveCfg = Debug|Any CPU
		{E7D47038-8FBC-46CA-84F8-0044F379E135}.Debug|x86.Build.0 = Debug|Any CPU
		{E7D47038-8FBC-46CA-84F8-0044F379E135}.Release|Any CPU.ActiveCfg = Release|Any CPU
		{E7D47038-8FBC-46CA-84F8-0044F379E135}.Release|Any CPU.Build.0 = Release|Any CPU
		{E7D47038-8FBC-46CA-84F8-0044F379E135}.Release|x64.ActiveCfg = Release|Any CPU
		{E7D47038-8FBC-46CA-84F8-0044F379E135}.Release|x64.Build.0 = Release|Any CPU
		{E7D47038-8FBC-46CA-84F8-0044F379E135}.Release|x86.ActiveCfg = Release|Any CPU
		{E7D47038-8FBC-46CA-84F8-0044F379E135}.Release|x86.Build.0 = Release|Any CPU
	EndGlobalSection
	GlobalSection(SolutionProperties) = preSolution
		HideSolutionNode = FALSE
	EndGlobalSection
	GlobalSection(NestedProjects) = preSolution
		{E6779046-5571-E61D-B963-2C104523376B} = {827E0CD3-B72D-47B6-A68D-7590B98EB39B}
		{7CAABD56-61D6-406F-87FE-B1C63DD511D7} = {E6779046-5571-E61D-B963-2C104523376B}
		{34C8091B-3E86-2C04-A59F-7E50F2DA4BD3} = {827E0CD3-B72D-47B6-A68D-7590B98EB39B}
		{9EF7CE87-9399-47FC-83F1-C0AE87A77810} = {34C8091B-3E86-2C04-A59F-7E50F2DA4BD3}
		{80FD6C27-8F50-28C9-9AF7-6910DF35C9FE} = {827E0CD3-B72D-47B6-A68D-7590B98EB39B}
		{781AD260-00DE-4C54-B913-6EACA36ED998} = {80FD6C27-8F50-28C9-9AF7-6910DF35C9FE}
		{6B03B287-C748-4A89-2EBC-ED491E6F1504} = {827E0CD3-B72D-47B6-A68D-7590B98EB39B}
		{E7D47038-8FBC-46CA-84F8-0044F379E135} = {6B03B287-C748-4A89-2EBC-ED491E6F1504}
	EndGlobalSection
EndGlobal
